{
  "name": "hardware",
  "lockfileVersion": 2,
  "requires": true,
  "packages": {
    "": {
      "dependencies": {
        "@jscad/cli": "^2.2.8"
      }
    },
    "node_modules/@jscad/amf-deserializer": {
      "version": "2.2.1",
      "resolved": "https://registry.npmjs.org/@jscad/amf-deserializer/-/amf-deserializer-2.2.1.tgz",
      "integrity": "sha512-Gi3DMwGuoh4i0jRxgMpPvXqUw9xcxsOe6HtlaMw2LX/Sx2VqTVEtIPF6KcOU30GEUmliFE+cvAr7ZrIP1s23Cg==",
      "dependencies": {
        "@jscad/modeling": "2.5.3",
        "saxes": "5.0.1"
      }
    },
    "node_modules/@jscad/amf-serializer": {
      "version": "2.0.9",
      "resolved": "https://registry.npmjs.org/@jscad/amf-serializer/-/amf-serializer-2.0.9.tgz",
      "integrity": "sha512-06tk0ZOn02DB/NcLxqsLA+xn1gY05LpbpLOfi64qGsSYlNPyi01PPVAUDBWBlFIOI+o7Ogkw9j1DNa20eJFyeA==",
      "dependencies": {
        "@jscad/array-utils": "2.1.0",
        "@jscad/modeling": "2.5.3",
        "onml": "1.2.0"
      }
    },
    "node_modules/@jscad/array-utils": {
      "version": "2.1.0",
      "resolved": "https://registry.npmjs.org/@jscad/array-utils/-/array-utils-2.1.0.tgz",
      "integrity": "sha512-SvdLYfodb7T8PSOcHey1CY9GG4EYZe/Hda6MOVDngfsVmBGn7/l9uiU/7QQQ2Jl7FZ0SRe6S2+2ZJ4nT2RS1Wg=="
    },
    "node_modules/@jscad/cli": {
      "version": "2.2.8",
      "resolved": "https://registry.npmjs.org/@jscad/cli/-/cli-2.2.8.tgz",
      "integrity": "sha512-qQJ5Lb67BIKGS6kSOXGRhUqNlrWlf1bsA6ay68/C4cWVDGo6WKeb+piucOjUdXHFWMiSRlD3+j5/5mnv2Du9cA==",
      "hasInstallScript": true,
      "dependencies": {
        "@jscad/array-utils": "2.1.0",
        "@jscad/core": "2.3.8",
        "@jscad/io": "2.0.9",
        "@jscad/modeling": "2.5.3"
      },
      "bin": {
        "jscad": "cli.js"
      }
    },
    "node_modules/@jscad/core": {
      "version": "2.3.8",
      "resolved": "https://registry.npmjs.org/@jscad/core/-/core-2.3.8.tgz",
      "integrity": "sha512-rabh5lORFLFtlv6eNhdht8GDpbGcv3F27wF4NgWuZ7rZOSPF3Oo8rowE5/yuy0GzWZCbEf64PosXcF/ss2WQqg==",
      "dependencies": {
        "@jscad/array-utils": "2.1.0",
        "@jscad/io": "2.0.9",
        "@jscad/io-utils": "2.0.8",
        "@jscad/modeling": "2.5.3",
        "@jscad/vtree": "2.0.9",
        "json5": "2.2.0",
        "strip-bom": "4.0.0"
      }
    },
    "node_modules/@jscad/dxf-deserializer": {
      "version": "2.3.5",
      "resolved": "https://registry.npmjs.org/@jscad/dxf-deserializer/-/dxf-deserializer-2.3.5.tgz",
      "integrity": "sha512-ET/vc0l7hxfmpoJ9EpxQHnHSBiXUfDVbUTqBGP+nNePTar7S19q5CFxLlbt+tpUTQZtsmzTWAqcxcAJLR0TrEQ==",
      "dependencies": {
        "@jscad/modeling": "2.5.3"
      }
    },
    "node_modules/@jscad/dxf-serializer": {
      "version": "2.0.9",
      "resolved": "https://registry.npmjs.org/@jscad/dxf-serializer/-/dxf-serializer-2.0.9.tgz",
      "integrity": "sha512-zm9jAlD2qDvpKhccLwHQM4F++UbJtkTfh+wqCHjNe+O+1HvoICb9kOR9fiSZPzU3PMWGY+Ga1qb9v2zUOt3yOw==",
      "dependencies": {
        "@jscad/array-utils": "2.1.0",
        "@jscad/modeling": "2.5.3"
      }
    },
    "node_modules/@jscad/io": {
      "version": "2.0.9",
      "resolved": "https://registry.npmjs.org/@jscad/io/-/io-2.0.9.tgz",
      "integrity": "sha512-PwTGgcAK6eEciCCWlq2ZYQcWK1RP5RbwPwtraylgCCG/HO/q/mTSU5SDwB2l5dbm1MllzS2He0GmOKsD0BYu4g==",
      "dependencies": {
        "@jscad/amf-deserializer": "2.2.1",
        "@jscad/amf-serializer": "2.0.9",
        "@jscad/array-utils": "2.1.0",
        "@jscad/dxf-deserializer": "2.3.5",
        "@jscad/dxf-serializer": "2.0.9",
        "@jscad/io-utils": "2.0.8",
        "@jscad/json-deserializer": "2.0.9",
        "@jscad/json-serializer": "2.0.8",
        "@jscad/modeling": "2.5.3",
        "@jscad/obj-deserializer": "2.0.8",
        "@jscad/stl-deserializer": "2.1.5",
        "@jscad/stl-serializer": "2.0.9",
        "@jscad/svg-deserializer": "2.4.1",
        "@jscad/svg-serializer": "2.2.6",
        "@jscad/x3d-serializer": "2.2.7"
      }
    },
    "node_modules/@jscad/io-utils": {
      "version": "2.0.8",
      "resolved": "https://registry.npmjs.org/@jscad/io-utils/-/io-utils-2.0.8.tgz",
      "integrity": "sha512-IBIpPwvZq7hD1we7UXW0Su5vgHOqt/MnU83qOWQpKHzIamFZH2auzMomMjfQ1HcA7efCgtCeRiH3uLTX2U3P9Q=="
    },
    "node_modules/@jscad/json-deserializer": {
      "version": "2.0.9",
      "resolved": "https://registry.npmjs.org/@jscad/json-deserializer/-/json-deserializer-2.0.9.tgz",
      "integrity": "sha512-C8e/dP9TYlUBpBZp1WtKMGyP02FLE/z5NwClubijnlZLdG++jQUARVCVX4J3a/HrmW1lsQZboPdogyuXBSGhvg==",
      "dependencies": {
        "@jscad/array-utils": "2.1.0"
      }
    },
    "node_modules/@jscad/json-serializer": {
      "version": "2.0.8",
      "resolved": "https://registry.npmjs.org/@jscad/json-serializer/-/json-serializer-2.0.8.tgz",
      "integrity": "sha512-BdAi5FHzpAPOQrBL8uhWMIS8EwDp7KwCHDHK2lEY/9VIOh9yIHnbQBUfMAv4EZaws6PF3I/lHmNFajhPOCR8+A==",
      "dependencies": {
        "@jscad/modeling": "2.5.3"
      }
    },
    "node_modules/@jscad/modeling": {
      "version": "2.5.3",
      "resolved": "https://registry.npmjs.org/@jscad/modeling/-/modeling-2.5.3.tgz",
      "integrity": "sha512-ia49UBz2D55VlA5dZ7U6SZQ6zwbwYcuZD7Hz7qZzXcVSXR4uJoawTYgwQuj/ZLP9fYiuUcHMnA1Qyw7KnQ2L+w=="
    },
    "node_modules/@jscad/obj-deserializer": {
      "version": "2.0.8",
      "resolved": "https://registry.npmjs.org/@jscad/obj-deserializer/-/obj-deserializer-2.0.8.tgz",
      "integrity": "sha512-zov/nUjaGwpLbZcA6I7PS6MqgHnsfYukSWaRPJpyZ1ettzFp0clKScaQAxUK+jMOYTN7O47ru5wplWWXqJmUOw==",
      "dependencies": {
        "@jscad/modeling": "2.5.3"
      }
    },
    "node_modules/@jscad/stl-deserializer": {
      "version": "2.1.5",
      "resolved": "https://registry.npmjs.org/@jscad/stl-deserializer/-/stl-deserializer-2.1.5.tgz",
      "integrity": "sha512-Fyz+q7u+T+XtDLRVXoFh50qjrFIjpDwCMAY4K6hmvbbAV5xUQETnruRbgeUcyWWb+sGi/9+JMzO/ZTPNvaDbwQ==",
      "dependencies": {
        "@jscad/io-utils": "2.0.8",
        "@jscad/modeling": "2.5.3"
      }
    },
    "node_modules/@jscad/stl-serializer": {
      "version": "2.0.9",
      "resolved": "https://registry.npmjs.org/@jscad/stl-serializer/-/stl-serializer-2.0.9.tgz",
      "integrity": "sha512-ci7dPItJTcXQefUbEKekdhukQIwYlLc0LTsRUkalzUh805HcJJvmg4y8OA4q01Shprh4ONrgfdsyV+MnGgfuCg==",
      "dependencies": {
        "@jscad/array-utils": "2.1.0",
        "@jscad/modeling": "2.5.3"
      }
    },
    "node_modules/@jscad/svg-deserializer": {
      "version": "2.4.1",
      "resolved": "https://registry.npmjs.org/@jscad/svg-deserializer/-/svg-deserializer-2.4.1.tgz",
      "integrity": "sha512-rm4THNbMcMuJXb/MrJnRUeXJvK4igu803FBEXkn0XV9hrMHmFzISVHZh3Eu9+ytmVPJkJhNuHZC1OlXJxPF4aA==",
      "dependencies": {
        "@jscad/array-utils": "2.1.0",
        "@jscad/modeling": "2.5.3",
        "saxes": "5.0.1"
      }
    },
    "node_modules/@jscad/svg-serializer": {
      "version": "2.2.6",
      "resolved": "https://registry.npmjs.org/@jscad/svg-serializer/-/svg-serializer-2.2.6.tgz",
      "integrity": "sha512-0eF2tpTdHUjQE4w48HKdHVdVxVrT9PBa6NUVJII4SX0P/OqQGP8X+rf+1BUzJUGrVlZIubqh212UuJnUsEfKjg==",
      "dependencies": {
        "@jscad/modeling": "2.5.3",
        "onml": "1.2.0"
      }
    },
    "node_modules/@jscad/vtree": {
      "version": "2.0.9",
      "resolved": "https://registry.npmjs.org/@jscad/vtree/-/vtree-2.0.9.tgz",
      "integrity": "sha512-nYh+GpNeDElVXeHGX6p0c5qFXZETo/hKY8c9EOzOfhA+3V1HKOgaAZf1jR5D9N+HM9EBQRGKfQM4pjl8oGgkeA==",
      "dependencies": {
        "@jscad/array-utils": "2.1.0",
        "@jscad/modeling": "2.5.3",
        "object-hash": "2.0.3"
      }
    },
    "node_modules/@jscad/x3d-serializer": {
      "version": "2.2.7",
      "resolved": "https://registry.npmjs.org/@jscad/x3d-serializer/-/x3d-serializer-2.2.7.tgz",
      "integrity": "sha512-GRXLJdCcE/7uc82SlL0TYuxWLUwjemKwLMIpKe9z2FWQIXuXt05wde/4nTc6c0pilvwHTFWi0/CzRX4lrHQ7Ow==",
      "dependencies": {
        "@jscad/array-utils": "2.1.0",
        "@jscad/modeling": "2.5.3",
        "onml": "1.2.0"
      }
    },
    "node_modules/json5": {
      "version": "2.2.0",
      "resolved": "https://registry.npmjs.org/json5/-/json5-2.2.0.tgz",
      "integrity": "sha512-f+8cldu7X/y7RAJurMEJmdoKXGB/X550w2Nr3tTbezL6RwEE/iMcm+tZnXeoZtKuOq6ft8+CqzEkrIgx1fPoQA==",
      "dependencies": {
        "minimist": "^1.2.5"
      },
      "bin": {
        "json5": "lib/cli.js"
      },
      "engines": {
        "node": ">=6"
      }
    },
    "node_modules/minimist": {
      "version": "1.2.5",
      "resolved": "https://registry.npmjs.org/minimist/-/minimist-1.2.5.tgz",
      "integrity": "sha512-FM9nNUYrRBAELZQT3xeZQ7fmMOBg6nWNmJKTcgsJeaLstP/UODVpGsr5OhXhhXg6f+qtJ8uiZ+PUxkDWcgIXLw=="
    },
    "node_modules/object-hash": {
      "version": "2.0.3",
      "resolved": "https://registry.npmjs.org/object-hash/-/object-hash-2.0.3.tgz",
      "integrity": "sha512-JPKn0GMu+Fa3zt3Bmr66JhokJU5BaNBIh4ZeTlaCBzrBsOeXzwcKKAK1tbLiPKgvwmPXsDvvLHoWh5Bm7ofIYg==",
      "engines": {
        "node": ">= 6"
      }
    },
    "node_modules/onml": {
      "version": "1.2.0",
      "resolved": "https://registry.npmjs.org/onml/-/onml-1.2.0.tgz",
      "integrity": "sha512-olqYAg18XoHAhm7tK9DdBCOVdts70DGmMgCNLOWyqZokht2utgGSKBB4JHi6pBZpmioAhcYlxK+91L3tsrz+GA==",
      "dependencies": {
        "sax": "^1.2.1"
      }
    },
    "node_modules/sax": {
      "version": "1.2.4",
      "resolved": "https://registry.npmjs.org/sax/-/sax-1.2.4.tgz",
      "integrity": "sha512-NqVDv9TpANUjFm0N8uM5GxL36UgKi9/atZw+x7YFnQ8ckwFGKrl4xX4yWtrey3UJm5nP1kUbnYgLopqWNSRhWw=="
    },
    "node_modules/saxes": {
      "version": "5.0.1",
      "resolved": "https://registry.npmjs.org/saxes/-/saxes-5.0.1.tgz",
      "integrity": "sha512-5LBh1Tls8c9xgGjw3QrMwETmTMVk0oFgvrFSvWx62llR2hcEInrKNZ2GZCCuuy2lvWrdl5jhbpeqc5hRYKFOcw==",
      "dependencies": {
        "xmlchars": "^2.2.0"
      },
      "engines": {
        "node": ">=10"
      }
    },
    "node_modules/strip-bom": {
      "version": "4.0.0",
      "resolved": "https://registry.npmjs.org/strip-bom/-/strip-bom-4.0.0.tgz",
      "integrity": "sha512-3xurFv5tEgii33Zi8Jtp55wEIILR9eh34FAW00PZf+JnSsTmV/ioewSgQl97JHvgjoRGwPShsWm+IdrxB35d0w==",
      "engines": {
        "node": ">=8"
      }
    },
    "node_modules/xmlchars": {
      "version": "2.2.0",
      "resolved": "https://registry.npmjs.org/xmlchars/-/xmlchars-2.2.0.tgz",
      "integrity": "sha512-JZnDKK8B0RCDw84FNdDAIpZK+JuJw+s7Lz8nksI7SIuU3UXJJslUthsi+uWBUYOwPFwW7W7PRLRfUKpxjtjFCw=="
    }
  },
  "dependencies": {
    "@jscad/amf-deserializer": {
      "version": "2.2.1",
      "resolved": "https://registry.npmjs.org/@jscad/amf-deserializer/-/amf-deserializer-2.2.1.tgz",
      "integrity": "sha512-Gi3DMwGuoh4i0jRxgMpPvXqUw9xcxsOe6HtlaMw2LX/Sx2VqTVEtIPF6KcOU30GEUmliFE+cvAr7ZrIP1s23Cg==",
      "requires": {
        "@jscad/modeling": "2.5.3",
        "saxes": "5.0.1"
      }
    },
    "@jscad/amf-serializer": {
      "version": "2.0.9",
      "resolved": "https://registry.npmjs.org/@jscad/amf-serializer/-/amf-serializer-2.0.9.tgz",
      "integrity": "sha512-06tk0ZOn02DB/NcLxqsLA+xn1gY05LpbpLOfi64qGsSYlNPyi01PPVAUDBWBlFIOI+o7Ogkw9j1DNa20eJFyeA==",
      "requires": {
        "@jscad/array-utils": "2.1.0",
        "@jscad/modeling": "2.5.3",
        "onml": "1.2.0"
      }
    },
    "@jscad/array-utils": {
      "version": "2.1.0",
      "resolved": "https://registry.npmjs.org/@jscad/array-utils/-/array-utils-2.1.0.tgz",
      "integrity": "sha512-SvdLYfodb7T8PSOcHey1CY9GG4EYZe/Hda6MOVDngfsVmBGn7/l9uiU/7QQQ2Jl7FZ0SRe6S2+2ZJ4nT2RS1Wg=="
    },
    "@jscad/cli": {
      "version": "2.2.8",
      "resolved": "https://registry.npmjs.org/@jscad/cli/-/cli-2.2.8.tgz",
      "integrity": "sha512-qQJ5Lb67BIKGS6kSOXGRhUqNlrWlf1bsA6ay68/C4cWVDGo6WKeb+piucOjUdXHFWMiSRlD3+j5/5mnv2Du9cA==",
      "requires": {
        "@jscad/array-utils": "2.1.0",
        "@jscad/core": "2.3.8",
        "@jscad/io": "2.0.9",
        "@jscad/modeling": "2.5.3"
      }
    },
    "@jscad/core": {
      "version": "2.3.8",
      "resolved": "https://registry.npmjs.org/@jscad/core/-/core-2.3.8.tgz",
      "integrity": "sha512-rabh5lORFLFtlv6eNhdht8GDpbGcv3F27wF4NgWuZ7rZOSPF3Oo8rowE5/yuy0GzWZCbEf64PosXcF/ss2WQqg==",
      "requires": {
        "@jscad/array-utils": "2.1.0",
        "@jscad/io": "2.0.9",
        "@jscad/io-utils": "2.0.8",
        "@jscad/modeling": "2.5.3",
        "@jscad/vtree": "2.0.9",
        "json5": "2.2.0",
        "strip-bom": "4.0.0"
      }
    },
    "@jscad/dxf-deserializer": {
      "version": "2.3.5",
      "resolved": "https://registry.npmjs.org/@jscad/dxf-deserializer/-/dxf-deserializer-2.3.5.tgz",
      "integrity": "sha512-ET/vc0l7hxfmpoJ9EpxQHnHSBiXUfDVbUTqBGP+nNePTar7S19q5CFxLlbt+tpUTQZtsmzTWAqcxcAJLR0TrEQ==",
      "requires": {
        "@jscad/modeling": "2.5.3"
      }
    },
    "@jscad/dxf-serializer": {
      "version": "2.0.9",
      "resolved": "https://registry.npmjs.org/@jscad/dxf-serializer/-/dxf-serializer-2.0.9.tgz",
      "integrity": "sha512-zm9jAlD2qDvpKhccLwHQM4F++UbJtkTfh+wqCHjNe+O+1HvoICb9kOR9fiSZPzU3PMWGY+Ga1qb9v2zUOt3yOw==",
      "requires": {
        "@jscad/array-utils": "2.1.0",
        "@jscad/modeling": "2.5.3"
      }
    },
    "@jscad/io": {
      "version": "2.0.9",
      "resolved": "https://registry.npmjs.org/@jscad/io/-/io-2.0.9.tgz",
      "integrity": "sha512-PwTGgcAK6eEciCCWlq2ZYQcWK1RP5RbwPwtraylgCCG/HO/q/mTSU5SDwB2l5dbm1MllzS2He0GmOKsD0BYu4g==",
      "requires": {
        "@jscad/amf-deserializer": "2.2.1",
        "@jscad/amf-serializer": "2.0.9",
        "@jscad/array-utils": "2.1.0",
        "@jscad/dxf-deserializer": "2.3.5",
        "@jscad/dxf-serializer": "2.0.9",
        "@jscad/io-utils": "2.0.8",
        "@jscad/json-deserializer": "2.0.9",
        "@jscad/json-serializer": "2.0.8",
        "@jscad/modeling": "2.5.3",
        "@jscad/obj-deserializer": "2.0.8",
        "@jscad/stl-deserializer": "2.1.5",
        "@jscad/stl-serializer": "2.0.9",
        "@jscad/svg-deserializer": "2.4.1",
        "@jscad/svg-serializer": "2.2.6",
        "@jscad/x3d-serializer": "2.2.7"
      }
    },
    "@jscad/io-utils": {
      "version": "2.0.8",
      "resolved": "https://registry.npmjs.org/@jscad/io-utils/-/io-utils-2.0.8.tgz",
      "integrity": "sha512-IBIpPwvZq7hD1we7UXW0Su5vgHOqt/MnU83qOWQpKHzIamFZH2auzMomMjfQ1HcA7efCgtCeRiH3uLTX2U3P9Q=="
    },
    "@jscad/json-deserializer": {
      "version": "2.0.9",
      "resolved": "https://registry.npmjs.org/@jscad/json-deserializer/-/json-deserializer-2.0.9.tgz",
      "integrity": "sha512-C8e/dP9TYlUBpBZp1WtKMGyP02FLE/z5NwClubijnlZLdG++jQUARVCVX4J3a/HrmW1lsQZboPdogyuXBSGhvg==",
      "requires": {
        "@jscad/array-utils": "2.1.0"
      }
    },
    "@jscad/json-serializer": {
      "version": "2.0.8",
      "resolved": "https://registry.npmjs.org/@jscad/json-serializer/-/json-serializer-2.0.8.tgz",
      "integrity": "sha512-BdAi5FHzpAPOQrBL8uhWMIS8EwDp7KwCHDHK2lEY/9VIOh9yIHnbQBUfMAv4EZaws6PF3I/lHmNFajhPOCR8+A==",
      "requires": {
        "@jscad/modeling": "2.5.3"
      }
    },
    "@jscad/modeling": {
      "version": "2.5.3",
      "resolved": "https://registry.npmjs.org/@jscad/modeling/-/modeling-2.5.3.tgz",
      "integrity": "sha512-ia49UBz2D55VlA5dZ7U6SZQ6zwbwYcuZD7Hz7qZzXcVSXR4uJoawTYgwQuj/ZLP9fYiuUcHMnA1Qyw7KnQ2L+w=="
    },
    "@jscad/obj-deserializer": {
      "version": "2.0.8",
      "resolved": "https://registry.npmjs.org/@jscad/obj-deserializer/-/obj-deserializer-2.0.8.tgz",
      "integrity": "sha512-zov/nUjaGwpLbZcA6I7PS6MqgHnsfYukSWaRPJpyZ1ettzFp0clKScaQAxUK+jMOYTN7O47ru5wplWWXqJmUOw==",
      "requires": {
        "@jscad/modeling": "2.5.3"
      }
    },
    "@jscad/stl-deserializer": {
      "version": "2.1.5",
      "resolved": "https://registry.npmjs.org/@jscad/stl-deserializer/-/stl-deserializer-2.1.5.tgz",
      "integrity": "sha512-Fyz+q7u+T+XtDLRVXoFh50qjrFIjpDwCMAY4K6hmvbbAV5xUQETnruRbgeUcyWWb+sGi/9+JMzO/ZTPNvaDbwQ==",
      "requires": {
        "@jscad/io-utils": "2.0.8",
        "@jscad/modeling": "2.5.3"
      }
    },
    "@jscad/stl-serializer": {
      "version": "2.0.9",
      "resolved": "https://registry.npmjs.org/@jscad/stl-serializer/-/stl-serializer-2.0.9.tgz",
      "integrity": "sha512-ci7dPItJTcXQefUbEKekdhukQIwYlLc0LTsRUkalzUh805HcJJvmg4y8OA4q01Shprh4ONrgfdsyV+MnGgfuCg==",
      "requires": {
        "@jscad/array-utils": "2.1.0",
        "@jscad/modeling": "2.5.3"
      }
    },
    "@jscad/svg-deserializer": {
      "version": "2.4.1",
      "resolved": "https://registry.npmjs.org/@jscad/svg-deserializer/-/svg-deserializer-2.4.1.tgz",
      "integrity": "sha512-rm4THNbMcMuJXb/MrJnRUeXJvK4igu803FBEXkn0XV9hrMHmFzISVHZh3Eu9+ytmVPJkJhNuHZC1OlXJxPF4aA==",
      "requires": {
        "@jscad/array-utils": "2.1.0",
        "@jscad/modeling": "2.5.3",
        "saxes": "5.0.1"
      }
    },
    "@jscad/svg-serializer": {
      "version": "2.2.6",
      "resolved": "https://registry.npmjs.org/@jscad/svg-serializer/-/svg-serializer-2.2.6.tgz",
      "integrity": "sha512-0eF2tpTdHUjQE4w48HKdHVdVxVrT9PBa6NUVJII4SX0P/OqQGP8X+rf+1BUzJUGrVlZIubqh212UuJnUsEfKjg==",
      "requires": {
        "@jscad/modeling": "2.5.3",
        "onml": "1.2.0"
      }
    },
    "@jscad/vtree": {
      "version": "2.0.9",
      "resolved": "https://registry.npmjs.org/@jscad/vtree/-/vtree-2.0.9.tgz",
      "integrity": "sha512-nYh+GpNeDElVXeHGX6p0c5qFXZETo/hKY8c9EOzOfhA+3V1HKOgaAZf1jR5D9N+HM9EBQRGKfQM4pjl8oGgkeA==",
      "requires": {
        "@jscad/array-utils": "2.1.0",
        "@jscad/modeling": "2.5.3",
        "object-hash": "2.0.3"
      }
    },
    "@jscad/x3d-serializer": {
      "version": "2.2.7",
      "resolved": "https://registry.npmjs.org/@jscad/x3d-serializer/-/x3d-serializer-2.2.7.tgz",
      "integrity": "sha512-GRXLJdCcE/7uc82SlL0TYuxWLUwjemKwLMIpKe9z2FWQIXuXt05wde/4nTc6c0pilvwHTFWi0/CzRX4lrHQ7Ow==",
      "requires": {
        "@jscad/array-utils": "2.1.0",
        "@jscad/modeling": "2.5.3",
        "onml": "1.2.0"
      }
    },
    "json5": {
      "version": "2.2.0",
      "resolved": "https://registry.npmjs.org/json5/-/json5-2.2.0.tgz",
      "integrity": "sha512-f+8cldu7X/y7RAJurMEJmdoKXGB/X550w2Nr3tTbezL6RwEE/iMcm+tZnXeoZtKuOq6ft8+CqzEkrIgx1fPoQA==",
      "requires": {
        "minimist": "^1.2.5"
      }
    },
    "minimist": {
      "version": "1.2.5",
      "resolved": "https://registry.npmjs.org/minimist/-/minimist-1.2.5.tgz",
      "integrity": "sha512-FM9nNUYrRBAELZQT3xeZQ7fmMOBg6nWNmJKTcgsJeaLstP/UODVpGsr5OhXhhXg6f+qtJ8uiZ+PUxkDWcgIXLw=="
    },
    "object-hash": {
      "version": "2.0.3",
      "resolved": "https://registry.npmjs.org/object-hash/-/object-hash-2.0.3.tgz",
      "integrity": "sha512-JPKn0GMu+Fa3zt3Bmr66JhokJU5BaNBIh4ZeTlaCBzrBsOeXzwcKKAK1tbLiPKgvwmPXsDvvLHoWh5Bm7ofIYg=="
    },
    "onml": {
      "version": "1.2.0",
      "resolved": "https://registry.npmjs.org/onml/-/onml-1.2.0.tgz",
      "integrity": "sha512-olqYAg18XoHAhm7tK9DdBCOVdts70DGmMgCNLOWyqZokht2utgGSKBB4JHi6pBZpmioAhcYlxK+91L3tsrz+GA==",
      "requires": {
        "sax": "^1.2.1"
      }
    },
    "sax": {
      "version": "1.2.4",
      "resolved": "https://registry.npmjs.org/sax/-/sax-1.2.4.tgz",
      "integrity": "sha512-NqVDv9TpANUjFm0N8uM5GxL36UgKi9/atZw+x7YFnQ8ckwFGKrl4xX4yWtrey3UJm5nP1kUbnYgLopqWNSRhWw=="
    },
    "saxes": {
      "version": "5.0.1",
      "resolved": "https://registry.npmjs.org/saxes/-/saxes-5.0.1.tgz",
      "integrity": "sha512-5LBh1Tls8c9xgGjw3QrMwETmTMVk0oFgvrFSvWx62llR2hcEInrKNZ2GZCCuuy2lvWrdl5jhbpeqc5hRYKFOcw==",
      "requires": {
        "xmlchars": "^2.2.0"
      }
    },
    "strip-bom": {
      "version": "4.0.0",
      "resolved": "https://registry.npmjs.org/strip-bom/-/strip-bom-4.0.0.tgz",
      "integrity": "sha512-3xurFv5tEgii33Zi8Jtp55wEIILR9eh34FAW00PZf+JnSsTmV/ioewSgQl97JHvgjoRGwPShsWm+IdrxB35d0w=="
    },
    "xmlchars": {
      "version": "2.2.0",
      "resolved": "https://registry.npmjs.org/xmlchars/-/xmlchars-2.2.0.tgz",
      "integrity": "sha512-JZnDKK8B0RCDw84FNdDAIpZK+JuJw+s7Lz8nksI7SIuU3UXJJslUthsi+uWBUYOwPFwW7W7PRLRfUKpxjtjFCw=="
    }
  }
}
