{
  "name": "paradrone-hardware",
  "lockfileVersion": 2,
  "requires": true,
  "packages": {
    "": {
      "name": "paradrone-hardware",
      "dependencies": {
        "@jscad/cli": "^2.2.18",
        "@jscad/modeling": "^2.9.2"
      }
    },
    "node_modules/@jscad/3mf-serializer": {
      "version": "2.1.1",
      "resolved": "https://registry.npmjs.org/@jscad/3mf-serializer/-/3mf-serializer-2.1.1.tgz",
      "integrity": "sha512-wzQx8/9VXuF1M+tQkRYHT7s8ZALv4zaMXmeXwkNOGiGthxAzsAfvGhTK47+Q10CL/KS5eVmDAyBbGhOmtm9A3Q==",
      "dependencies": {
        "@jscad/array-utils": "2.1.3",
        "@jscad/modeling": "2.9.2",
        "fflate": "0.7.3",
        "onml": "1.2.0"
      }
    },
    "node_modules/@jscad/amf-deserializer": {
      "version": "2.2.10",
      "resolved": "https://registry.npmjs.org/@jscad/amf-deserializer/-/amf-deserializer-2.2.10.tgz",
      "integrity": "sha512-9TBtQ2YfItM48gMTTOu/HVodQa4mFoCNnndCdMcZUUknLacgI6q/Ds29dbJOXD9bQI2gCn4t2jvzxY5NZpzTPg==",
      "dependencies": {
        "@jscad/modeling": "2.9.2",
        "saxes": "5.0.1"
      }
    },
    "node_modules/@jscad/amf-serializer": {
      "version": "2.1.7",
      "resolved": "https://registry.npmjs.org/@jscad/amf-serializer/-/amf-serializer-2.1.7.tgz",
      "integrity": "sha512-5bignvGsWMbYT9iCcIGpyKO/VURBI7LwF+aiPKfsc18PwOcoZBnjFdHzaEZfqk1W/lLZCFeRGQNaFl+gj++N5Q==",
      "dependencies": {
        "@jscad/array-utils": "2.1.3",
        "@jscad/modeling": "2.9.2",
        "onml": "1.3.0"
      }
    },
    "node_modules/@jscad/amf-serializer/node_modules/onml": {
      "version": "1.3.0",
      "resolved": "https://registry.npmjs.org/onml/-/onml-1.3.0.tgz",
      "integrity": "sha512-RhGUsC6Im2A5vAdIvxE3auRKTqrqUZQl/AYLn8+9lM3SO4da5bwhcI5TcM+hfQxNCSLLOVErsl9p0ZPjKKmz+g==",
      "dependencies": {
        "sax": "^1.2.1"
      }
    },
    "node_modules/@jscad/array-utils": {
      "version": "2.1.3",
      "resolved": "https://registry.npmjs.org/@jscad/array-utils/-/array-utils-2.1.3.tgz",
      "integrity": "sha512-ItHPDcd+WIVNrFnqdPm0mFvU3T3zhaOUjnAyDSdcQiHyFp8lAiEh3X7I/8VGGSCUhBErbKT5RXhHKqUcYL3bJA=="
    },
    "node_modules/@jscad/cli": {
      "version": "2.2.18",
      "resolved": "https://registry.npmjs.org/@jscad/cli/-/cli-2.2.18.tgz",
      "integrity": "sha512-2yc8BBw0FQCEmuCiM1FMQDmSBVXAvQmghDmyJKurex68JFxEGCLiWThe6miKR6YAo2iA5/U5kApc3obRqa9uZg==",
      "hasInstallScript": true,
      "dependencies": {
        "@jscad/array-utils": "2.1.3",
        "@jscad/core": "2.5.8",
        "@jscad/io": "2.3.1",
        "@jscad/modeling": "2.9.2"
      },
      "bin": {
        "jscad": "cli.js"
      }
    },
    "node_modules/@jscad/core": {
      "version": "2.5.8",
      "resolved": "https://registry.npmjs.org/@jscad/core/-/core-2.5.8.tgz",
      "integrity": "sha512-9jthjRhKqIMt9wdKuM9tjobIalF+vqqwj1UIEnJl5uVn+HECIALz/dcIVs0Ha3YJGQ6Ckqd1O36+VnEjx0E/Mw==",
      "dependencies": {
        "@jscad/array-utils": "2.1.3",
        "@jscad/io": "2.3.1",
        "@jscad/io-utils": "2.0.17",
        "@jscad/modeling": "2.9.2",
        "json5": "2.2.0",
        "strip-bom": "4.0.0"
      }
    },
    "node_modules/@jscad/dxf-deserializer": {
      "version": "2.3.14",
      "resolved": "https://registry.npmjs.org/@jscad/dxf-deserializer/-/dxf-deserializer-2.3.14.tgz",
      "integrity": "sha512-iwNpUfO6jsb2Gt4g6BIcaM4nQAlRGlN2Dax17A5PjLG7liAxFy3c8Tj3A5keElHxZN2On92Zzdpzd5TeOciASQ==",
      "dependencies": {
        "@jscad/modeling": "2.9.2"
      }
    },
    "node_modules/@jscad/dxf-serializer": {
      "version": "2.1.7",
      "resolved": "https://registry.npmjs.org/@jscad/dxf-serializer/-/dxf-serializer-2.1.7.tgz",
      "integrity": "sha512-KD28L7eUqMHwhJtDajXiodk2aZpw7joF8jwM5T/p84Vg2AXbkVD3W0qzY/0YNJOjLTs84YHEtoFto2YuLIQnGA==",
      "dependencies": {
        "@jscad/array-utils": "2.1.3",
        "@jscad/modeling": "2.9.2"
      }
    },
    "node_modules/@jscad/io": {
      "version": "2.3.1",
      "resolved": "https://registry.npmjs.org/@jscad/io/-/io-2.3.1.tgz",
      "integrity": "sha512-Lo1VkykJCrm8dujzP19RZzKbCpiyqjoR7WYXiXj0xxT8cp8kpghpVlM+zr9eGrH6WTfYpWDOd4aj7h7NqRkFhQ==",
      "dependencies": {
        "@jscad/3mf-serializer": "2.1.1",
        "@jscad/amf-deserializer": "2.2.10",
        "@jscad/amf-serializer": "2.1.7",
        "@jscad/array-utils": "2.1.3",
        "@jscad/dxf-deserializer": "2.3.14",
        "@jscad/dxf-serializer": "2.1.7",
        "@jscad/io-utils": "2.0.17",
        "@jscad/json-deserializer": "2.0.18",
        "@jscad/json-serializer": "2.0.17",
        "@jscad/modeling": "2.9.2",
        "@jscad/obj-deserializer": "2.0.17",
        "@jscad/obj-serializer": "2.1.7",
        "@jscad/stl-deserializer": "2.1.14",
        "@jscad/stl-serializer": "2.1.7",
        "@jscad/svg-deserializer": "2.4.10",
        "@jscad/svg-serializer": "2.3.5",
        "@jscad/x3d-deserializer": "2.1.4",
        "@jscad/x3d-serializer": "2.3.7"
      }
    },
    "node_modules/@jscad/io-utils": {
      "version": "2.0.17",
      "resolved": "https://registry.npmjs.org/@jscad/io-utils/-/io-utils-2.0.17.tgz",
      "integrity": "sha512-EoU9eqISNCWH1aHoyI//d+UWHq/m9GL/+0L3R0/tfrPEWKskpSgtlymRfblheJ+3E5doXoMXe8+ZVuyWNwP+Rw=="
    },
    "node_modules/@jscad/json-deserializer": {
      "version": "2.0.18",
      "resolved": "https://registry.npmjs.org/@jscad/json-deserializer/-/json-deserializer-2.0.18.tgz",
      "integrity": "sha512-4gMvkCy1pYiXEYwRZ79owmnxm8UPXDVVu7nprMwtT8eZ8hTfpg18sLUnqiED/gnbdnp8/u0yio17RimP9YacYA==",
      "dependencies": {
        "@jscad/array-utils": "2.1.3"
      }
    },
    "node_modules/@jscad/json-serializer": {
      "version": "2.0.17",
      "resolved": "https://registry.npmjs.org/@jscad/json-serializer/-/json-serializer-2.0.17.tgz",
      "integrity": "sha512-44PBw8dy1SZy5asn6Suzn0g6B/N/Do9H1DzE6pf2FGxgTycz3wkzwQGlC+4JvuW0GSSxrJZTLexk5HGI8eRj6Q==",
      "dependencies": {
        "@jscad/modeling": "2.9.2"
      }
    },
    "node_modules/@jscad/modeling": {
      "version": "2.9.2",
      "resolved": "https://registry.npmjs.org/@jscad/modeling/-/modeling-2.9.2.tgz",
      "integrity": "sha512-bU4WKfJcg3ijcRt4WEq4rh5kcnYA7XdOOlOev7/azV/07aiOffSJwqMDEoLeJQyiwBtk5Q/Iw6Ph+5C4iXeXJQ=="
    },
    "node_modules/@jscad/obj-deserializer": {
      "version": "2.0.17",
      "resolved": "https://registry.npmjs.org/@jscad/obj-deserializer/-/obj-deserializer-2.0.17.tgz",
      "integrity": "sha512-n6Uj8h8S4eiS5Hsm+y4NStYdCxxjA/xTyoz8Blt7D1b2iQHy0zfmmL1JS0hkEXxES275Zmch/7TGm75stZAulw==",
      "dependencies": {
        "@jscad/modeling": "2.9.2"
      }
    },
    "node_modules/@jscad/obj-serializer": {
      "version": "2.1.7",
      "resolved": "https://registry.npmjs.org/@jscad/obj-serializer/-/obj-serializer-2.1.7.tgz",
      "integrity": "sha512-+RN9NVNMB8ZQNRpMO/KuZGO0bW5O0BBEXRBXVn9sDQM+/fx00KUrtAeYjuL8FMxWLsEQfotOmlvm1+/z2tVf8w==",
      "dependencies": {
        "@jscad/array-utils": "2.1.3",
        "@jscad/modeling": "2.9.2"
      }
    },
    "node_modules/@jscad/stl-deserializer": {
      "version": "2.1.14",
      "resolved": "https://registry.npmjs.org/@jscad/stl-deserializer/-/stl-deserializer-2.1.14.tgz",
      "integrity": "sha512-etTvM9+wL8UtA3adbK6YSiiTIKkQk/bTqvFvzp0MDCip4xAJzhVO8XrYxuFuNhYG/dJ5FfhA7nKnRU+oM/w4lw==",
      "dependencies": {
        "@jscad/io-utils": "2.0.17",
        "@jscad/modeling": "2.9.2"
      }
    },
    "node_modules/@jscad/stl-serializer": {
      "version": "2.1.7",
      "resolved": "https://registry.npmjs.org/@jscad/stl-serializer/-/stl-serializer-2.1.7.tgz",
      "integrity": "sha512-uVRocZjXdK/tDPXOsNoQRWj6yhrmVzXhBrefkHT1Y7jQDNRd1COrGl/7GFsPA6t9qhQXpjX924HrrfGkUuOoyg==",
      "dependencies": {
        "@jscad/array-utils": "2.1.3",
        "@jscad/modeling": "2.9.2"
      }
    },
    "node_modules/@jscad/svg-deserializer": {
      "version": "2.4.10",
      "resolved": "https://registry.npmjs.org/@jscad/svg-deserializer/-/svg-deserializer-2.4.10.tgz",
      "integrity": "sha512-69DKWAtqSGWnhgqhFwCVaeJtbGygU3Y4arxfjyoY4/jv3pWDexvrAsRAIneedl4bdG2o6Ij9Q9U7H2h/WySuEw==",
      "dependencies": {
        "@jscad/array-utils": "2.1.3",
        "@jscad/modeling": "2.9.2",
        "saxes": "5.0.1"
      }
    },
    "node_modules/@jscad/svg-serializer": {
      "version": "2.3.5",
      "resolved": "https://registry.npmjs.org/@jscad/svg-serializer/-/svg-serializer-2.3.5.tgz",
      "integrity": "sha512-bLA6ITNe1g8uL3OgoC5x6HrDmOBRGOJ+QdKMCrjf9kzkZUZkfzKki7Op5pP/0nZ5EErSbeuaJNhfeM3KzsVRTA==",
      "dependencies": {
        "@jscad/modeling": "2.9.2",
        "onml": "1.3.0"
      }
    },
    "node_modules/@jscad/svg-serializer/node_modules/onml": {
      "version": "1.3.0",
      "resolved": "https://registry.npmjs.org/onml/-/onml-1.3.0.tgz",
      "integrity": "sha512-RhGUsC6Im2A5vAdIvxE3auRKTqrqUZQl/AYLn8+9lM3SO4da5bwhcI5TcM+hfQxNCSLLOVErsl9p0ZPjKKmz+g==",
      "dependencies": {
        "sax": "^1.2.1"
      }
    },
    "node_modules/@jscad/x3d-deserializer": {
      "version": "2.1.4",
      "resolved": "https://registry.npmjs.org/@jscad/x3d-deserializer/-/x3d-deserializer-2.1.4.tgz",
      "integrity": "sha512-n/kU8DEhmaX5hlIbxB62SYaVlEViEJXXzA7UJB3UeKXeOJbNxMRySG4dHPh1L0KVXhXm4QWC+/DqADf5C5SBAA==",
      "dependencies": {
        "@jscad/array-utils": "2.1.3",
        "@jscad/modeling": "2.4.0",
        "saxes": "5.0.1"
      }
    },
    "node_modules/@jscad/x3d-deserializer/node_modules/@jscad/modeling": {
      "version": "2.4.0",
      "resolved": "https://registry.npmjs.org/@jscad/modeling/-/modeling-2.4.0.tgz",
      "integrity": "sha512-B0/FUAFiqis4wJ0jZLXuGwGibcjKFcI9iGGoLqt7vRpG2QEVUcRyWu7awE0mTdlPAGTL9AwKt3JkGC/MgLYDng=="
    },
    "node_modules/@jscad/x3d-serializer": {
      "version": "2.3.7",
      "resolved": "https://registry.npmjs.org/@jscad/x3d-serializer/-/x3d-serializer-2.3.7.tgz",
      "integrity": "sha512-w+oUqEPMd7gQVARmlvA0M2HY+C1MP1M3njwozsVe/+2IB6N+YskiY2CFENQ/6K9griwpIvYSYQVfd+87jo1syg==",
      "dependencies": {
        "@jscad/array-utils": "2.1.3",
        "@jscad/modeling": "2.9.2",
        "onml": "1.3.0"
      }
    },
    "node_modules/@jscad/x3d-serializer/node_modules/onml": {
      "version": "1.3.0",
      "resolved": "https://registry.npmjs.org/onml/-/onml-1.3.0.tgz",
      "integrity": "sha512-RhGUsC6Im2A5vAdIvxE3auRKTqrqUZQl/AYLn8+9lM3SO4da5bwhcI5TcM+hfQxNCSLLOVErsl9p0ZPjKKmz+g==",
      "dependencies": {
        "sax": "^1.2.1"
      }
    },
    "node_modules/fflate": {
      "version": "0.7.3",
      "resolved": "https://registry.npmjs.org/fflate/-/fflate-0.7.3.tgz",
      "integrity": "sha512-0Zz1jOzJWERhyhsimS54VTqOteCNwRtIlh8isdL0AXLo0g7xNTfTL7oWrkmCnPhZGocKIkWHBistBrrpoNH3aw=="
    },
    "node_modules/json5": {
      "version": "2.2.0",
      "resolved": "https://registry.npmjs.org/json5/-/json5-2.2.0.tgz",
      "integrity": "sha512-f+8cldu7X/y7RAJurMEJmdoKXGB/X550w2Nr3tTbezL6RwEE/iMcm+tZnXeoZtKuOq6ft8+CqzEkrIgx1fPoQA==",
      "dependencies": {
        "minimist": "^1.2.5"
      },
      "bin": {
        "json5": "lib/cli.js"
      },
      "engines": {
        "node": ">=6"
      }
    },
    "node_modules/minimist": {
      "version": "1.2.6",
      "resolved": "https://registry.npmjs.org/minimist/-/minimist-1.2.6.tgz",
      "integrity": "sha512-Jsjnk4bw3YJqYzbdyBiNsPWHPfO++UGG749Cxs6peCu5Xg4nrena6OVxOYxrQTqww0Jmwt+Ref8rggumkTLz9Q=="
    },
    "node_modules/onml": {
      "version": "1.2.0",
      "resolved": "https://registry.npmjs.org/onml/-/onml-1.2.0.tgz",
      "integrity": "sha512-olqYAg18XoHAhm7tK9DdBCOVdts70DGmMgCNLOWyqZokht2utgGSKBB4JHi6pBZpmioAhcYlxK+91L3tsrz+GA==",
      "dependencies": {
        "sax": "^1.2.1"
      }
    },
    "node_modules/sax": {
      "version": "1.2.4",
      "resolved": "https://registry.npmjs.org/sax/-/sax-1.2.4.tgz",
      "integrity": "sha512-NqVDv9TpANUjFm0N8uM5GxL36UgKi9/atZw+x7YFnQ8ckwFGKrl4xX4yWtrey3UJm5nP1kUbnYgLopqWNSRhWw=="
    },
    "node_modules/saxes": {
      "version": "5.0.1",
      "resolved": "https://registry.npmjs.org/saxes/-/saxes-5.0.1.tgz",
      "integrity": "sha512-5LBh1Tls8c9xgGjw3QrMwETmTMVk0oFgvrFSvWx62llR2hcEInrKNZ2GZCCuuy2lvWrdl5jhbpeqc5hRYKFOcw==",
      "dependencies": {
        "xmlchars": "^2.2.0"
      },
      "engines": {
        "node": ">=10"
      }
    },
    "node_modules/strip-bom": {
      "version": "4.0.0",
      "resolved": "https://registry.npmjs.org/strip-bom/-/strip-bom-4.0.0.tgz",
      "integrity": "sha512-3xurFv5tEgii33Zi8Jtp55wEIILR9eh34FAW00PZf+JnSsTmV/ioewSgQl97JHvgjoRGwPShsWm+IdrxB35d0w==",
      "engines": {
        "node": ">=8"
      }
    },
    "node_modules/xmlchars": {
      "version": "2.2.0",
      "resolved": "https://registry.npmjs.org/xmlchars/-/xmlchars-2.2.0.tgz",
      "integrity": "sha512-JZnDKK8B0RCDw84FNdDAIpZK+JuJw+s7Lz8nksI7SIuU3UXJJslUthsi+uWBUYOwPFwW7W7PRLRfUKpxjtjFCw=="
    }
  },
  "dependencies": {
    "@jscad/3mf-serializer": {
      "version": "2.1.1",
      "resolved": "https://registry.npmjs.org/@jscad/3mf-serializer/-/3mf-serializer-2.1.1.tgz",
      "integrity": "sha512-wzQx8/9VXuF1M+tQkRYHT7s8ZALv4zaMXmeXwkNOGiGthxAzsAfvGhTK47+Q10CL/KS5eVmDAyBbGhOmtm9A3Q==",
      "requires": {
        "@jscad/array-utils": "2.1.3",
        "@jscad/modeling": "2.9.2",
        "fflate": "0.7.3",
        "onml": "1.2.0"
      }
    },
    "@jscad/amf-deserializer": {
      "version": "2.2.10",
      "resolved": "https://registry.npmjs.org/@jscad/amf-deserializer/-/amf-deserializer-2.2.10.tgz",
      "integrity": "sha512-9TBtQ2YfItM48gMTTOu/HVodQa4mFoCNnndCdMcZUUknLacgI6q/Ds29dbJOXD9bQI2gCn4t2jvzxY5NZpzTPg==",
      "requires": {
        "@jscad/modeling": "2.9.2",
        "saxes": "5.0.1"
      }
    },
    "@jscad/amf-serializer": {
      "version": "2.1.7",
      "resolved": "https://registry.npmjs.org/@jscad/amf-serializer/-/amf-serializer-2.1.7.tgz",
      "integrity": "sha512-5bignvGsWMbYT9iCcIGpyKO/VURBI7LwF+aiPKfsc18PwOcoZBnjFdHzaEZfqk1W/lLZCFeRGQNaFl+gj++N5Q==",
      "requires": {
        "@jscad/array-utils": "2.1.3",
        "@jscad/modeling": "2.9.2",
        "onml": "1.3.0"
      },
      "dependencies": {
        "onml": {
          "version": "1.3.0",
          "resolved": "https://registry.npmjs.org/onml/-/onml-1.3.0.tgz",
          "integrity": "sha512-RhGUsC6Im2A5vAdIvxE3auRKTqrqUZQl/AYLn8+9lM3SO4da5bwhcI5TcM+hfQxNCSLLOVErsl9p0ZPjKKmz+g==",
          "requires": {
            "sax": "^1.2.1"
          }
        }
      }
    },
    "@jscad/array-utils": {
      "version": "2.1.3",
      "resolved": "https://registry.npmjs.org/@jscad/array-utils/-/array-utils-2.1.3.tgz",
      "integrity": "sha512-ItHPDcd+WIVNrFnqdPm0mFvU3T3zhaOUjnAyDSdcQiHyFp8lAiEh3X7I/8VGGSCUhBErbKT5RXhHKqUcYL3bJA=="
    },
    "@jscad/cli": {
      "version": "2.2.18",
      "resolved": "https://registry.npmjs.org/@jscad/cli/-/cli-2.2.18.tgz",
      "integrity": "sha512-2yc8BBw0FQCEmuCiM1FMQDmSBVXAvQmghDmyJKurex68JFxEGCLiWThe6miKR6YAo2iA5/U5kApc3obRqa9uZg==",
      "requires": {
        "@jscad/array-utils": "2.1.3",
        "@jscad/core": "2.5.8",
        "@jscad/io": "2.3.1",
        "@jscad/modeling": "2.9.2"
      }
    },
    "@jscad/core": {
      "version": "2.5.8",
      "resolved": "https://registry.npmjs.org/@jscad/core/-/core-2.5.8.tgz",
      "integrity": "sha512-9jthjRhKqIMt9wdKuM9tjobIalF+vqqwj1UIEnJl5uVn+HECIALz/dcIVs0Ha3YJGQ6Ckqd1O36+VnEjx0E/Mw==",
      "requires": {
        "@jscad/array-utils": "2.1.3",
        "@jscad/io": "2.3.1",
        "@jscad/io-utils": "2.0.17",
        "@jscad/modeling": "2.9.2",
        "json5": "2.2.0",
        "strip-bom": "4.0.0"
      }
    },
    "@jscad/dxf-deserializer": {
      "version": "2.3.14",
      "resolved": "https://registry.npmjs.org/@jscad/dxf-deserializer/-/dxf-deserializer-2.3.14.tgz",
      "integrity": "sha512-iwNpUfO6jsb2Gt4g6BIcaM4nQAlRGlN2Dax17A5PjLG7liAxFy3c8Tj3A5keElHxZN2On92Zzdpzd5TeOciASQ==",
      "requires": {
        "@jscad/modeling": "2.9.2"
      }
    },
    "@jscad/dxf-serializer": {
      "version": "2.1.7",
      "resolved": "https://registry.npmjs.org/@jscad/dxf-serializer/-/dxf-serializer-2.1.7.tgz",
      "integrity": "sha512-KD28L7eUqMHwhJtDajXiodk2aZpw7joF8jwM5T/p84Vg2AXbkVD3W0qzY/0YNJOjLTs84YHEtoFto2YuLIQnGA==",
      "requires": {
        "@jscad/array-utils": "2.1.3",
        "@jscad/modeling": "2.9.2"
      }
    },
    "@jscad/io": {
      "version": "2.3.1",
      "resolved": "https://registry.npmjs.org/@jscad/io/-/io-2.3.1.tgz",
      "integrity": "sha512-Lo1VkykJCrm8dujzP19RZzKbCpiyqjoR7WYXiXj0xxT8cp8kpghpVlM+zr9eGrH6WTfYpWDOd4aj7h7NqRkFhQ==",
      "requires": {
        "@jscad/3mf-serializer": "2.1.1",
        "@jscad/amf-deserializer": "2.2.10",
        "@jscad/amf-serializer": "2.1.7",
        "@jscad/array-utils": "2.1.3",
        "@jscad/dxf-deserializer": "2.3.14",
        "@jscad/dxf-serializer": "2.1.7",
        "@jscad/io-utils": "2.0.17",
        "@jscad/json-deserializer": "2.0.18",
        "@jscad/json-serializer": "2.0.17",
        "@jscad/modeling": "2.9.2",
        "@jscad/obj-deserializer": "2.0.17",
        "@jscad/obj-serializer": "2.1.7",
        "@jscad/stl-deserializer": "2.1.14",
        "@jscad/stl-serializer": "2.1.7",
        "@jscad/svg-deserializer": "2.4.10",
        "@jscad/svg-serializer": "2.3.5",
        "@jscad/x3d-deserializer": "2.1.4",
        "@jscad/x3d-serializer": "2.3.7"
      }
    },
    "@jscad/io-utils": {
      "version": "2.0.17",
      "resolved": "https://registry.npmjs.org/@jscad/io-utils/-/io-utils-2.0.17.tgz",
      "integrity": "sha512-EoU9eqISNCWH1aHoyI//d+UWHq/m9GL/+0L3R0/tfrPEWKskpSgtlymRfblheJ+3E5doXoMXe8+ZVuyWNwP+Rw=="
    },
    "@jscad/json-deserializer": {
      "version": "2.0.18",
      "resolved": "https://registry.npmjs.org/@jscad/json-deserializer/-/json-deserializer-2.0.18.tgz",
      "integrity": "sha512-4gMvkCy1pYiXEYwRZ79owmnxm8UPXDVVu7nprMwtT8eZ8hTfpg18sLUnqiED/gnbdnp8/u0yio17RimP9YacYA==",
      "requires": {
        "@jscad/array-utils": "2.1.3"
      }
    },
    "@jscad/json-serializer": {
      "version": "2.0.17",
      "resolved": "https://registry.npmjs.org/@jscad/json-serializer/-/json-serializer-2.0.17.tgz",
      "integrity": "sha512-44PBw8dy1SZy5asn6Suzn0g6B/N/Do9H1DzE6pf2FGxgTycz3wkzwQGlC+4JvuW0GSSxrJZTLexk5HGI8eRj6Q==",
      "requires": {
        "@jscad/modeling": "2.9.2"
      }
    },
    "@jscad/modeling": {
      "version": "2.9.2",
      "resolved": "https://registry.npmjs.org/@jscad/modeling/-/modeling-2.9.2.tgz",
      "integrity": "sha512-bU4WKfJcg3ijcRt4WEq4rh5kcnYA7XdOOlOev7/azV/07aiOffSJwqMDEoLeJQyiwBtk5Q/Iw6Ph+5C4iXeXJQ=="
    },
    "@jscad/obj-deserializer": {
      "version": "2.0.17",
      "resolved": "https://registry.npmjs.org/@jscad/obj-deserializer/-/obj-deserializer-2.0.17.tgz",
      "integrity": "sha512-n6Uj8h8S4eiS5Hsm+y4NStYdCxxjA/xTyoz8Blt7D1b2iQHy0zfmmL1JS0hkEXxES275Zmch/7TGm75stZAulw==",
      "requires": {
        "@jscad/modeling": "2.9.2"
      }
    },
    "@jscad/obj-serializer": {
      "version": "2.1.7",
      "resolved": "https://registry.npmjs.org/@jscad/obj-serializer/-/obj-serializer-2.1.7.tgz",
      "integrity": "sha512-+RN9NVNMB8ZQNRpMO/KuZGO0bW5O0BBEXRBXVn9sDQM+/fx00KUrtAeYjuL8FMxWLsEQfotOmlvm1+/z2tVf8w==",
      "requires": {
        "@jscad/array-utils": "2.1.3",
        "@jscad/modeling": "2.9.2"
      }
    },
    "@jscad/stl-deserializer": {
      "version": "2.1.14",
      "resolved": "https://registry.npmjs.org/@jscad/stl-deserializer/-/stl-deserializer-2.1.14.tgz",
      "integrity": "sha512-etTvM9+wL8UtA3adbK6YSiiTIKkQk/bTqvFvzp0MDCip4xAJzhVO8XrYxuFuNhYG/dJ5FfhA7nKnRU+oM/w4lw==",
      "requires": {
        "@jscad/io-utils": "2.0.17",
        "@jscad/modeling": "2.9.2"
      }
    },
    "@jscad/stl-serializer": {
      "version": "2.1.7",
      "resolved": "https://registry.npmjs.org/@jscad/stl-serializer/-/stl-serializer-2.1.7.tgz",
      "integrity": "sha512-uVRocZjXdK/tDPXOsNoQRWj6yhrmVzXhBrefkHT1Y7jQDNRd1COrGl/7GFsPA6t9qhQXpjX924HrrfGkUuOoyg==",
      "requires": {
        "@jscad/array-utils": "2.1.3",
        "@jscad/modeling": "2.9.2"
      }
    },
    "@jscad/svg-deserializer": {
      "version": "2.4.10",
      "resolved": "https://registry.npmjs.org/@jscad/svg-deserializer/-/svg-deserializer-2.4.10.tgz",
      "integrity": "sha512-69DKWAtqSGWnhgqhFwCVaeJtbGygU3Y4arxfjyoY4/jv3pWDexvrAsRAIneedl4bdG2o6Ij9Q9U7H2h/WySuEw==",
      "requires": {
        "@jscad/array-utils": "2.1.3",
        "@jscad/modeling": "2.9.2",
        "saxes": "5.0.1"
      }
    },
    "@jscad/svg-serializer": {
      "version": "2.3.5",
      "resolved": "https://registry.npmjs.org/@jscad/svg-serializer/-/svg-serializer-2.3.5.tgz",
      "integrity": "sha512-bLA6ITNe1g8uL3OgoC5x6HrDmOBRGOJ+QdKMCrjf9kzkZUZkfzKki7Op5pP/0nZ5EErSbeuaJNhfeM3KzsVRTA==",
      "requires": {
        "@jscad/modeling": "2.9.2",
        "onml": "1.3.0"
      },
      "dependencies": {
        "onml": {
          "version": "1.3.0",
          "resolved": "https://registry.npmjs.org/onml/-/onml-1.3.0.tgz",
          "integrity": "sha512-RhGUsC6Im2A5vAdIvxE3auRKTqrqUZQl/AYLn8+9lM3SO4da5bwhcI5TcM+hfQxNCSLLOVErsl9p0ZPjKKmz+g==",
          "requires": {
            "sax": "^1.2.1"
          }
        }
      }
    },
    "@jscad/x3d-deserializer": {
      "version": "2.1.4",
      "resolved": "https://registry.npmjs.org/@jscad/x3d-deserializer/-/x3d-deserializer-2.1.4.tgz",
      "integrity": "sha512-n/kU8DEhmaX5hlIbxB62SYaVlEViEJXXzA7UJB3UeKXeOJbNxMRySG4dHPh1L0KVXhXm4QWC+/DqADf5C5SBAA==",
      "requires": {
        "@jscad/array-utils": "2.1.3",
        "@jscad/modeling": "2.4.0",
        "saxes": "5.0.1"
      },
      "dependencies": {
        "@jscad/modeling": {
          "version": "2.4.0",
          "resolved": "https://registry.npmjs.org/@jscad/modeling/-/modeling-2.4.0.tgz",
          "integrity": "sha512-B0/FUAFiqis4wJ0jZLXuGwGibcjKFcI9iGGoLqt7vRpG2QEVUcRyWu7awE0mTdlPAGTL9AwKt3JkGC/MgLYDng=="
        }
      }
    },
    "@jscad/x3d-serializer": {
      "version": "2.3.7",
      "resolved": "https://registry.npmjs.org/@jscad/x3d-serializer/-/x3d-serializer-2.3.7.tgz",
      "integrity": "sha512-w+oUqEPMd7gQVARmlvA0M2HY+C1MP1M3njwozsVe/+2IB6N+YskiY2CFENQ/6K9griwpIvYSYQVfd+87jo1syg==",
      "requires": {
        "@jscad/array-utils": "2.1.3",
        "@jscad/modeling": "2.9.2",
        "onml": "1.3.0"
      },
      "dependencies": {
        "onml": {
          "version": "1.3.0",
          "resolved": "https://registry.npmjs.org/onml/-/onml-1.3.0.tgz",
          "integrity": "sha512-RhGUsC6Im2A5vAdIvxE3auRKTqrqUZQl/AYLn8+9lM3SO4da5bwhcI5TcM+hfQxNCSLLOVErsl9p0ZPjKKmz+g==",
          "requires": {
            "sax": "^1.2.1"
          }
        }
      }
    },
    "fflate": {
      "version": "0.7.3",
      "resolved": "https://registry.npmjs.org/fflate/-/fflate-0.7.3.tgz",
      "integrity": "sha512-0Zz1jOzJWERhyhsimS54VTqOteCNwRtIlh8isdL0AXLo0g7xNTfTL7oWrkmCnPhZGocKIkWHBistBrrpoNH3aw=="
    },
    "json5": {
      "version": "2.2.0",
      "resolved": "https://registry.npmjs.org/json5/-/json5-2.2.0.tgz",
      "integrity": "sha512-f+8cldu7X/y7RAJurMEJmdoKXGB/X550w2Nr3tTbezL6RwEE/iMcm+tZnXeoZtKuOq6ft8+CqzEkrIgx1fPoQA==",
      "requires": {
        "minimist": "^1.2.5"
      }
    },
    "minimist": {
      "version": "1.2.6",
      "resolved": "https://registry.npmjs.org/minimist/-/minimist-1.2.6.tgz",
      "integrity": "sha512-Jsjnk4bw3YJqYzbdyBiNsPWHPfO++UGG749Cxs6peCu5Xg4nrena6OVxOYxrQTqww0Jmwt+Ref8rggumkTLz9Q=="
    },
    "onml": {
      "version": "1.2.0",
      "resolved": "https://registry.npmjs.org/onml/-/onml-1.2.0.tgz",
      "integrity": "sha512-olqYAg18XoHAhm7tK9DdBCOVdts70DGmMgCNLOWyqZokht2utgGSKBB4JHi6pBZpmioAhcYlxK+91L3tsrz+GA==",
      "requires": {
        "sax": "^1.2.1"
      }
    },
    "sax": {
      "version": "1.2.4",
      "resolved": "https://registry.npmjs.org/sax/-/sax-1.2.4.tgz",
      "integrity": "sha512-NqVDv9TpANUjFm0N8uM5GxL36UgKi9/atZw+x7YFnQ8ckwFGKrl4xX4yWtrey3UJm5nP1kUbnYgLopqWNSRhWw=="
    },
    "saxes": {
      "version": "5.0.1",
      "resolved": "https://registry.npmjs.org/saxes/-/saxes-5.0.1.tgz",
      "integrity": "sha512-5LBh1Tls8c9xgGjw3QrMwETmTMVk0oFgvrFSvWx62llR2hcEInrKNZ2GZCCuuy2lvWrdl5jhbpeqc5hRYKFOcw==",
      "requires": {
        "xmlchars": "^2.2.0"
      }
    },
    "strip-bom": {
      "version": "4.0.0",
      "resolved": "https://registry.npmjs.org/strip-bom/-/strip-bom-4.0.0.tgz",
      "integrity": "sha512-3xurFv5tEgii33Zi8Jtp55wEIILR9eh34FAW00PZf+JnSsTmV/ioewSgQl97JHvgjoRGwPShsWm+IdrxB35d0w=="
    },
    "xmlchars": {
      "version": "2.2.0",
      "resolved": "https://registry.npmjs.org/xmlchars/-/xmlchars-2.2.0.tgz",
      "integrity": "sha512-JZnDKK8B0RCDw84FNdDAIpZK+JuJw+s7Lz8nksI7SIuU3UXJJslUthsi+uWBUYOwPFwW7W7PRLRfUKpxjtjFCw=="
    }
  }
}
