{
  "name": "hardware",
  "lockfileVersion": 2,
  "requires": true,
  "packages": {
    "": {
      "dependencies": {
        "@jscad/cli": "^2.2.7",
        "json5": "^2.2.0"
      }
    },
    "node_modules/@jscad/amf-deserializer": {
      "version": "2.2.0",
      "resolved": "https://registry.npmjs.org/@jscad/amf-deserializer/-/amf-deserializer-2.2.0.tgz",
      "integrity": "sha512-khurdzRlOOMhvPcjG6pn0KxOqzSmJ6JSrI1uFgOaMAHwNe577zzOMvneL0lN4In8cQuvc4pYlSY/lr1nMuRkxA==",
      "dependencies": {
        "@jscad/modeling": "2.5.2",
        "saxes": "5.0.1"
      }
    },
    "node_modules/@jscad/amf-serializer": {
      "version": "2.0.8",
      "resolved": "https://registry.npmjs.org/@jscad/amf-serializer/-/amf-serializer-2.0.8.tgz",
      "integrity": "sha512-FUUybR/0aJgr+yzhOLyBFbca/uvB9hQASIsbTpKkWAcVBtUdmdP3NPaARqvwhpj+iPPkHAjhV/IqDyEuS8zm8g==",
      "dependencies": {
        "@jscad/array-utils": "2.1.0",
        "@jscad/modeling": "2.5.2",
        "onml": "1.2.0"
      }
    },
    "node_modules/@jscad/array-utils": {
      "version": "2.1.0",
      "resolved": "https://registry.npmjs.org/@jscad/array-utils/-/array-utils-2.1.0.tgz",
      "integrity": "sha512-SvdLYfodb7T8PSOcHey1CY9GG4EYZe/Hda6MOVDngfsVmBGn7/l9uiU/7QQQ2Jl7FZ0SRe6S2+2ZJ4nT2RS1Wg=="
    },
    "node_modules/@jscad/cli": {
      "version": "2.2.7",
      "resolved": "https://registry.npmjs.org/@jscad/cli/-/cli-2.2.7.tgz",
      "integrity": "sha512-612AY9x6vmALRCZeTHGipSPgOedrjAXuctQJTe5zd5sY0UITb+t8z6nEjwhYjoWkj6lpd+rNH83KHjb/k/KHTQ==",
      "hasInstallScript": true,
      "dependencies": {
        "@jscad/array-utils": "2.1.0",
        "@jscad/core": "2.3.7",
        "@jscad/io": "2.0.8",
        "@jscad/modeling": "2.5.2"
      },
      "bin": {
        "jscad": "cli.js"
      }
    },
    "node_modules/@jscad/core": {
      "version": "2.3.7",
      "resolved": "https://registry.npmjs.org/@jscad/core/-/core-2.3.7.tgz",
      "integrity": "sha512-DERja4BmZazsSsSoNY2RHGrm8e4kc3Jbtn1AIArme+ZlMnGG17EnVYf8xZvYerS8jevULpPBiST4APpQTwu98w==",
      "dependencies": {
        "@jscad/array-utils": "2.1.0",
        "@jscad/io": "2.0.8",
        "@jscad/io-utils": "2.0.7",
        "@jscad/modeling": "2.5.2",
        "@jscad/vtree": "2.0.8",
        "strip-bom": "4.0.0"
      }
    },
    "node_modules/@jscad/dxf-deserializer": {
      "version": "2.3.4",
      "resolved": "https://registry.npmjs.org/@jscad/dxf-deserializer/-/dxf-deserializer-2.3.4.tgz",
      "integrity": "sha512-06tF8hienwP7n/8b5xBj2qFc7dUSIGP/0kUbmSjosvBorCdGn3ITpGMkFGuptQnh5F368BT6LWYqFFq9O1xNnA==",
      "dependencies": {
        "@jscad/modeling": "2.5.2"
      }
    },
    "node_modules/@jscad/dxf-serializer": {
      "version": "2.0.8",
      "resolved": "https://registry.npmjs.org/@jscad/dxf-serializer/-/dxf-serializer-2.0.8.tgz",
      "integrity": "sha512-rcMcd/iEOJ5LtTAL4+BShwSQvt/ZQaS8bQP6dkPClShALhvbv4n/ikiPoic4T7W2SCeqLtyJOv3x+LZpiVubCg==",
      "dependencies": {
        "@jscad/array-utils": "2.1.0",
        "@jscad/modeling": "2.5.2"
      }
    },
    "node_modules/@jscad/io": {
      "version": "2.0.8",
      "resolved": "https://registry.npmjs.org/@jscad/io/-/io-2.0.8.tgz",
      "integrity": "sha512-oOMjSmaOGyCMcxd6WXuh8Rs1Mj2fT4r+Mmn+vV/CWP6M1tN0NJoRzPfqUewahlwcT4VOLDIOLrRPcjIZ8CELuQ==",
      "dependencies": {
        "@jscad/amf-deserializer": "2.2.0",
        "@jscad/amf-serializer": "2.0.8",
        "@jscad/array-utils": "2.1.0",
        "@jscad/dxf-deserializer": "2.3.4",
        "@jscad/dxf-serializer": "2.0.8",
        "@jscad/io-utils": "2.0.7",
        "@jscad/json-deserializer": "2.0.8",
        "@jscad/json-serializer": "2.0.7",
        "@jscad/modeling": "2.5.2",
        "@jscad/obj-deserializer": "2.0.7",
        "@jscad/stl-deserializer": "2.1.4",
        "@jscad/stl-serializer": "2.0.8",
        "@jscad/svg-deserializer": "2.4.0",
        "@jscad/svg-serializer": "2.2.5",
        "@jscad/x3d-serializer": "2.2.6"
      }
    },
    "node_modules/@jscad/io-utils": {
      "version": "2.0.7",
      "resolved": "https://registry.npmjs.org/@jscad/io-utils/-/io-utils-2.0.7.tgz",
      "integrity": "sha512-+bLgNO9fz2x9QbJkvl7wNvcUAHWruMv3EO78DyBg9TAaiwjyzzefH2W6OF0MMyCAms1TexUu5TnIgSzMjEjtuQ=="
    },
    "node_modules/@jscad/json-deserializer": {
      "version": "2.0.8",
      "resolved": "https://registry.npmjs.org/@jscad/json-deserializer/-/json-deserializer-2.0.8.tgz",
      "integrity": "sha512-j3ng7Dan/s0DPmsFToOBziO8YQ0lW1U2uEaJHSJyjjAz228P6IwE6kNNU1pUHjPONcIpl4U4hMz1IPzeRAb8xQ==",
      "dependencies": {
        "@jscad/array-utils": "2.1.0"
      }
    },
    "node_modules/@jscad/json-serializer": {
      "version": "2.0.7",
      "resolved": "https://registry.npmjs.org/@jscad/json-serializer/-/json-serializer-2.0.7.tgz",
      "integrity": "sha512-UQdvnSL6Xpo/j+P2z0hDaqsSN4W/4Qn2WI2KB8koyXlPLH9VIy7li6i4hFcG9qXl95gPXUWHpSFghqgMFvkW3A==",
      "dependencies": {
        "@jscad/modeling": "2.5.2"
      }
    },
    "node_modules/@jscad/modeling": {
      "version": "2.5.2",
      "resolved": "https://registry.npmjs.org/@jscad/modeling/-/modeling-2.5.2.tgz",
      "integrity": "sha512-dzDGmA8nFeXpQzB5fKQwcpiHQw1LBTSKlB7z2USQxmmuR8u40qsvZm+O/iQ4PzwzIeEEAM+Kz7UgaPgyRf44wA=="
    },
    "node_modules/@jscad/obj-deserializer": {
      "version": "2.0.7",
      "resolved": "https://registry.npmjs.org/@jscad/obj-deserializer/-/obj-deserializer-2.0.7.tgz",
      "integrity": "sha512-E0UruTRvImIFgd1RxdTLMSSACz3k5Qrk9XreleynF1eRd4GfABDWuQDP6no0pL/6rfKgvz9ZhoOzZHsfBOCVpA==",
      "dependencies": {
        "@jscad/modeling": "2.5.2"
      }
    },
    "node_modules/@jscad/stl-deserializer": {
      "version": "2.1.4",
      "resolved": "https://registry.npmjs.org/@jscad/stl-deserializer/-/stl-deserializer-2.1.4.tgz",
      "integrity": "sha512-tpgSyntfnnQyYAczq0esqLQXsOX8OdWbn6o4BBWtAh7KLKCLPcyq95EzCymFad29AkJ7v4ph1CHzeOXlNi3pdg==",
      "dependencies": {
        "@jscad/io-utils": "2.0.7",
        "@jscad/modeling": "2.5.2"
      }
    },
    "node_modules/@jscad/stl-serializer": {
      "version": "2.0.8",
      "resolved": "https://registry.npmjs.org/@jscad/stl-serializer/-/stl-serializer-2.0.8.tgz",
      "integrity": "sha512-rcK9EE/hRiR9wwHkgExYzjSbKltG2LDQbFHfvNQfzX6iKWm4J+Mzy9hxYVOEkMWA6fIL9fH16vtyO0uPXITbCw==",
      "dependencies": {
        "@jscad/array-utils": "2.1.0",
        "@jscad/modeling": "2.5.2"
      }
    },
    "node_modules/@jscad/svg-deserializer": {
      "version": "2.4.0",
      "resolved": "https://registry.npmjs.org/@jscad/svg-deserializer/-/svg-deserializer-2.4.0.tgz",
      "integrity": "sha512-O0eHKlgkV+ISFVu0vBEwDNHw/zVkIa/1rmIxZO2ZQpGQpJa4lUB5egnVfvvtE+N9Dg/+4Tcif83fl1r6/IHieg==",
      "dependencies": {
        "@jscad/array-utils": "2.1.0",
        "@jscad/modeling": "2.5.2",
        "saxes": "5.0.1"
      }
    },
    "node_modules/@jscad/svg-serializer": {
      "version": "2.2.5",
      "resolved": "https://registry.npmjs.org/@jscad/svg-serializer/-/svg-serializer-2.2.5.tgz",
      "integrity": "sha512-A74AwuhzASYDVLpZsT8xthjr0J+/ebgLVLZYKa4ViWLalHCtH5QCw279fL2adiBPIfF8Wg4uhgIWfzZYlBukLg==",
      "dependencies": {
        "@jscad/modeling": "2.5.2",
        "onml": "1.2.0"
      }
    },
    "node_modules/@jscad/vtree": {
      "version": "2.0.8",
      "resolved": "https://registry.npmjs.org/@jscad/vtree/-/vtree-2.0.8.tgz",
      "integrity": "sha512-MOuHbWNht594PR4gJBxhw/v3RfQwEc8c1xb2X+4Su4r3H0TiT8xl/xC9U3mL+KGf3A7JcrR6+A1hpibYhPI4Ug==",
      "dependencies": {
        "@jscad/array-utils": "2.1.0",
        "@jscad/modeling": "2.5.2",
        "object-hash": "2.0.3"
      }
    },
    "node_modules/@jscad/x3d-serializer": {
      "version": "2.2.6",
      "resolved": "https://registry.npmjs.org/@jscad/x3d-serializer/-/x3d-serializer-2.2.6.tgz",
      "integrity": "sha512-hY8JD9Qx1SgKz8PAYeQ3RFAC0PdLGA5EcFDq8eJnN8zWh91tX885eK1Zs17cvMda0Cz3nAfaBoRYlzIjhJMQJw==",
      "dependencies": {
        "@jscad/array-utils": "2.1.0",
        "@jscad/modeling": "2.5.2",
        "onml": "1.2.0"
      }
    },
    "node_modules/json5": {
      "version": "2.2.0",
      "resolved": "https://registry.npmjs.org/json5/-/json5-2.2.0.tgz",
      "integrity": "sha512-f+8cldu7X/y7RAJurMEJmdoKXGB/X550w2Nr3tTbezL6RwEE/iMcm+tZnXeoZtKuOq6ft8+CqzEkrIgx1fPoQA==",
      "dependencies": {
        "minimist": "^1.2.5"
      },
      "bin": {
        "json5": "lib/cli.js"
      },
      "engines": {
        "node": ">=6"
      }
    },
    "node_modules/minimist": {
      "version": "1.2.5",
      "resolved": "https://registry.npmjs.org/minimist/-/minimist-1.2.5.tgz",
      "integrity": "sha512-FM9nNUYrRBAELZQT3xeZQ7fmMOBg6nWNmJKTcgsJeaLstP/UODVpGsr5OhXhhXg6f+qtJ8uiZ+PUxkDWcgIXLw=="
    },
    "node_modules/object-hash": {
      "version": "2.0.3",
      "resolved": "https://registry.npmjs.org/object-hash/-/object-hash-2.0.3.tgz",
      "integrity": "sha512-JPKn0GMu+Fa3zt3Bmr66JhokJU5BaNBIh4ZeTlaCBzrBsOeXzwcKKAK1tbLiPKgvwmPXsDvvLHoWh5Bm7ofIYg==",
      "engines": {
        "node": ">= 6"
      }
    },
    "node_modules/onml": {
      "version": "1.2.0",
      "resolved": "https://registry.npmjs.org/onml/-/onml-1.2.0.tgz",
      "integrity": "sha512-olqYAg18XoHAhm7tK9DdBCOVdts70DGmMgCNLOWyqZokht2utgGSKBB4JHi6pBZpmioAhcYlxK+91L3tsrz+GA==",
      "dependencies": {
        "sax": "^1.2.1"
      }
    },
    "node_modules/sax": {
      "version": "1.2.4",
      "resolved": "https://registry.npmjs.org/sax/-/sax-1.2.4.tgz",
      "integrity": "sha512-NqVDv9TpANUjFm0N8uM5GxL36UgKi9/atZw+x7YFnQ8ckwFGKrl4xX4yWtrey3UJm5nP1kUbnYgLopqWNSRhWw=="
    },
    "node_modules/saxes": {
      "version": "5.0.1",
      "resolved": "https://registry.npmjs.org/saxes/-/saxes-5.0.1.tgz",
      "integrity": "sha512-5LBh1Tls8c9xgGjw3QrMwETmTMVk0oFgvrFSvWx62llR2hcEInrKNZ2GZCCuuy2lvWrdl5jhbpeqc5hRYKFOcw==",
      "dependencies": {
        "xmlchars": "^2.2.0"
      },
      "engines": {
        "node": ">=10"
      }
    },
    "node_modules/strip-bom": {
      "version": "4.0.0",
      "resolved": "https://registry.npmjs.org/strip-bom/-/strip-bom-4.0.0.tgz",
      "integrity": "sha512-3xurFv5tEgii33Zi8Jtp55wEIILR9eh34FAW00PZf+JnSsTmV/ioewSgQl97JHvgjoRGwPShsWm+IdrxB35d0w==",
      "engines": {
        "node": ">=8"
      }
    },
    "node_modules/xmlchars": {
      "version": "2.2.0",
      "resolved": "https://registry.npmjs.org/xmlchars/-/xmlchars-2.2.0.tgz",
      "integrity": "sha512-JZnDKK8B0RCDw84FNdDAIpZK+JuJw+s7Lz8nksI7SIuU3UXJJslUthsi+uWBUYOwPFwW7W7PRLRfUKpxjtjFCw=="
    }
  },
  "dependencies": {
    "@jscad/amf-deserializer": {
      "version": "2.2.0",
      "resolved": "https://registry.npmjs.org/@jscad/amf-deserializer/-/amf-deserializer-2.2.0.tgz",
      "integrity": "sha512-khurdzRlOOMhvPcjG6pn0KxOqzSmJ6JSrI1uFgOaMAHwNe577zzOMvneL0lN4In8cQuvc4pYlSY/lr1nMuRkxA==",
      "requires": {
        "@jscad/modeling": "2.5.2",
        "saxes": "5.0.1"
      }
    },
    "@jscad/amf-serializer": {
      "version": "2.0.8",
      "resolved": "https://registry.npmjs.org/@jscad/amf-serializer/-/amf-serializer-2.0.8.tgz",
      "integrity": "sha512-FUUybR/0aJgr+yzhOLyBFbca/uvB9hQASIsbTpKkWAcVBtUdmdP3NPaARqvwhpj+iPPkHAjhV/IqDyEuS8zm8g==",
      "requires": {
        "@jscad/array-utils": "2.1.0",
        "@jscad/modeling": "2.5.2",
        "onml": "1.2.0"
      }
    },
    "@jscad/array-utils": {
      "version": "2.1.0",
      "resolved": "https://registry.npmjs.org/@jscad/array-utils/-/array-utils-2.1.0.tgz",
      "integrity": "sha512-SvdLYfodb7T8PSOcHey1CY9GG4EYZe/Hda6MOVDngfsVmBGn7/l9uiU/7QQQ2Jl7FZ0SRe6S2+2ZJ4nT2RS1Wg=="
    },
    "@jscad/cli": {
      "version": "2.2.7",
      "resolved": "https://registry.npmjs.org/@jscad/cli/-/cli-2.2.7.tgz",
      "integrity": "sha512-612AY9x6vmALRCZeTHGipSPgOedrjAXuctQJTe5zd5sY0UITb+t8z6nEjwhYjoWkj6lpd+rNH83KHjb/k/KHTQ==",
      "requires": {
        "@jscad/array-utils": "2.1.0",
        "@jscad/core": "2.3.7",
        "@jscad/io": "2.0.8",
        "@jscad/modeling": "2.5.2"
      }
    },
    "@jscad/core": {
      "version": "2.3.7",
      "resolved": "https://registry.npmjs.org/@jscad/core/-/core-2.3.7.tgz",
      "integrity": "sha512-DERja4BmZazsSsSoNY2RHGrm8e4kc3Jbtn1AIArme+ZlMnGG17EnVYf8xZvYerS8jevULpPBiST4APpQTwu98w==",
      "requires": {
        "@jscad/array-utils": "2.1.0",
        "@jscad/io": "2.0.8",
        "@jscad/io-utils": "2.0.7",
        "@jscad/modeling": "2.5.2",
        "@jscad/vtree": "2.0.8",
        "strip-bom": "4.0.0"
      }
    },
    "@jscad/dxf-deserializer": {
      "version": "2.3.4",
      "resolved": "https://registry.npmjs.org/@jscad/dxf-deserializer/-/dxf-deserializer-2.3.4.tgz",
      "integrity": "sha512-06tF8hienwP7n/8b5xBj2qFc7dUSIGP/0kUbmSjosvBorCdGn3ITpGMkFGuptQnh5F368BT6LWYqFFq9O1xNnA==",
      "requires": {
        "@jscad/modeling": "2.5.2"
      }
    },
    "@jscad/dxf-serializer": {
      "version": "2.0.8",
      "resolved": "https://registry.npmjs.org/@jscad/dxf-serializer/-/dxf-serializer-2.0.8.tgz",
      "integrity": "sha512-rcMcd/iEOJ5LtTAL4+BShwSQvt/ZQaS8bQP6dkPClShALhvbv4n/ikiPoic4T7W2SCeqLtyJOv3x+LZpiVubCg==",
      "requires": {
        "@jscad/array-utils": "2.1.0",
        "@jscad/modeling": "2.5.2"
      }
    },
    "@jscad/io": {
      "version": "2.0.8",
      "resolved": "https://registry.npmjs.org/@jscad/io/-/io-2.0.8.tgz",
      "integrity": "sha512-oOMjSmaOGyCMcxd6WXuh8Rs1Mj2fT4r+Mmn+vV/CWP6M1tN0NJoRzPfqUewahlwcT4VOLDIOLrRPcjIZ8CELuQ==",
      "requires": {
        "@jscad/amf-deserializer": "2.2.0",
        "@jscad/amf-serializer": "2.0.8",
        "@jscad/array-utils": "2.1.0",
        "@jscad/dxf-deserializer": "2.3.4",
        "@jscad/dxf-serializer": "2.0.8",
        "@jscad/io-utils": "2.0.7",
        "@jscad/json-deserializer": "2.0.8",
        "@jscad/json-serializer": "2.0.7",
        "@jscad/modeling": "2.5.2",
        "@jscad/obj-deserializer": "2.0.7",
        "@jscad/stl-deserializer": "2.1.4",
        "@jscad/stl-serializer": "2.0.8",
        "@jscad/svg-deserializer": "2.4.0",
        "@jscad/svg-serializer": "2.2.5",
        "@jscad/x3d-serializer": "2.2.6"
      }
    },
    "@jscad/io-utils": {
      "version": "2.0.7",
      "resolved": "https://registry.npmjs.org/@jscad/io-utils/-/io-utils-2.0.7.tgz",
      "integrity": "sha512-+bLgNO9fz2x9QbJkvl7wNvcUAHWruMv3EO78DyBg9TAaiwjyzzefH2W6OF0MMyCAms1TexUu5TnIgSzMjEjtuQ=="
    },
    "@jscad/json-deserializer": {
      "version": "2.0.8",
      "resolved": "https://registry.npmjs.org/@jscad/json-deserializer/-/json-deserializer-2.0.8.tgz",
      "integrity": "sha512-j3ng7Dan/s0DPmsFToOBziO8YQ0lW1U2uEaJHSJyjjAz228P6IwE6kNNU1pUHjPONcIpl4U4hMz1IPzeRAb8xQ==",
      "requires": {
        "@jscad/array-utils": "2.1.0"
      }
    },
    "@jscad/json-serializer": {
      "version": "2.0.7",
      "resolved": "https://registry.npmjs.org/@jscad/json-serializer/-/json-serializer-2.0.7.tgz",
      "integrity": "sha512-UQdvnSL6Xpo/j+P2z0hDaqsSN4W/4Qn2WI2KB8koyXlPLH9VIy7li6i4hFcG9qXl95gPXUWHpSFghqgMFvkW3A==",
      "requires": {
        "@jscad/modeling": "2.5.2"
      }
    },
    "@jscad/modeling": {
      "version": "2.5.2",
      "resolved": "https://registry.npmjs.org/@jscad/modeling/-/modeling-2.5.2.tgz",
      "integrity": "sha512-dzDGmA8nFeXpQzB5fKQwcpiHQw1LBTSKlB7z2USQxmmuR8u40qsvZm+O/iQ4PzwzIeEEAM+Kz7UgaPgyRf44wA=="
    },
    "@jscad/obj-deserializer": {
      "version": "2.0.7",
      "resolved": "https://registry.npmjs.org/@jscad/obj-deserializer/-/obj-deserializer-2.0.7.tgz",
      "integrity": "sha512-E0UruTRvImIFgd1RxdTLMSSACz3k5Qrk9XreleynF1eRd4GfABDWuQDP6no0pL/6rfKgvz9ZhoOzZHsfBOCVpA==",
      "requires": {
        "@jscad/modeling": "2.5.2"
      }
    },
    "@jscad/stl-deserializer": {
      "version": "2.1.4",
      "resolved": "https://registry.npmjs.org/@jscad/stl-deserializer/-/stl-deserializer-2.1.4.tgz",
      "integrity": "sha512-tpgSyntfnnQyYAczq0esqLQXsOX8OdWbn6o4BBWtAh7KLKCLPcyq95EzCymFad29AkJ7v4ph1CHzeOXlNi3pdg==",
      "requires": {
        "@jscad/io-utils": "2.0.7",
        "@jscad/modeling": "2.5.2"
      }
    },
    "@jscad/stl-serializer": {
      "version": "2.0.8",
      "resolved": "https://registry.npmjs.org/@jscad/stl-serializer/-/stl-serializer-2.0.8.tgz",
      "integrity": "sha512-rcK9EE/hRiR9wwHkgExYzjSbKltG2LDQbFHfvNQfzX6iKWm4J+Mzy9hxYVOEkMWA6fIL9fH16vtyO0uPXITbCw==",
      "requires": {
        "@jscad/array-utils": "2.1.0",
        "@jscad/modeling": "2.5.2"
      }
    },
    "@jscad/svg-deserializer": {
      "version": "2.4.0",
      "resolved": "https://registry.npmjs.org/@jscad/svg-deserializer/-/svg-deserializer-2.4.0.tgz",
      "integrity": "sha512-O0eHKlgkV+ISFVu0vBEwDNHw/zVkIa/1rmIxZO2ZQpGQpJa4lUB5egnVfvvtE+N9Dg/+4Tcif83fl1r6/IHieg==",
      "requires": {
        "@jscad/array-utils": "2.1.0",
        "@jscad/modeling": "2.5.2",
        "saxes": "5.0.1"
      }
    },
    "@jscad/svg-serializer": {
      "version": "2.2.5",
      "resolved": "https://registry.npmjs.org/@jscad/svg-serializer/-/svg-serializer-2.2.5.tgz",
      "integrity": "sha512-A74AwuhzASYDVLpZsT8xthjr0J+/ebgLVLZYKa4ViWLalHCtH5QCw279fL2adiBPIfF8Wg4uhgIWfzZYlBukLg==",
      "requires": {
        "@jscad/modeling": "2.5.2",
        "onml": "1.2.0"
      }
    },
    "@jscad/vtree": {
      "version": "2.0.8",
      "resolved": "https://registry.npmjs.org/@jscad/vtree/-/vtree-2.0.8.tgz",
      "integrity": "sha512-MOuHbWNht594PR4gJBxhw/v3RfQwEc8c1xb2X+4Su4r3H0TiT8xl/xC9U3mL+KGf3A7JcrR6+A1hpibYhPI4Ug==",
      "requires": {
        "@jscad/array-utils": "2.1.0",
        "@jscad/modeling": "2.5.2",
        "object-hash": "2.0.3"
      }
    },
    "@jscad/x3d-serializer": {
      "version": "2.2.6",
      "resolved": "https://registry.npmjs.org/@jscad/x3d-serializer/-/x3d-serializer-2.2.6.tgz",
      "integrity": "sha512-hY8JD9Qx1SgKz8PAYeQ3RFAC0PdLGA5EcFDq8eJnN8zWh91tX885eK1Zs17cvMda0Cz3nAfaBoRYlzIjhJMQJw==",
      "requires": {
        "@jscad/array-utils": "2.1.0",
        "@jscad/modeling": "2.5.2",
        "onml": "1.2.0"
      }
    },
    "json5": {
      "version": "2.2.0",
      "resolved": "https://registry.npmjs.org/json5/-/json5-2.2.0.tgz",
      "integrity": "sha512-f+8cldu7X/y7RAJurMEJmdoKXGB/X550w2Nr3tTbezL6RwEE/iMcm+tZnXeoZtKuOq6ft8+CqzEkrIgx1fPoQA==",
      "requires": {
        "minimist": "^1.2.5"
      }
    },
    "minimist": {
      "version": "1.2.5",
      "resolved": "https://registry.npmjs.org/minimist/-/minimist-1.2.5.tgz",
      "integrity": "sha512-FM9nNUYrRBAELZQT3xeZQ7fmMOBg6nWNmJKTcgsJeaLstP/UODVpGsr5OhXhhXg6f+qtJ8uiZ+PUxkDWcgIXLw=="
    },
    "object-hash": {
      "version": "2.0.3",
      "resolved": "https://registry.npmjs.org/object-hash/-/object-hash-2.0.3.tgz",
      "integrity": "sha512-JPKn0GMu+Fa3zt3Bmr66JhokJU5BaNBIh4ZeTlaCBzrBsOeXzwcKKAK1tbLiPKgvwmPXsDvvLHoWh5Bm7ofIYg=="
    },
    "onml": {
      "version": "1.2.0",
      "resolved": "https://registry.npmjs.org/onml/-/onml-1.2.0.tgz",
      "integrity": "sha512-olqYAg18XoHAhm7tK9DdBCOVdts70DGmMgCNLOWyqZokht2utgGSKBB4JHi6pBZpmioAhcYlxK+91L3tsrz+GA==",
      "requires": {
        "sax": "^1.2.1"
      }
    },
    "sax": {
      "version": "1.2.4",
      "resolved": "https://registry.npmjs.org/sax/-/sax-1.2.4.tgz",
      "integrity": "sha512-NqVDv9TpANUjFm0N8uM5GxL36UgKi9/atZw+x7YFnQ8ckwFGKrl4xX4yWtrey3UJm5nP1kUbnYgLopqWNSRhWw=="
    },
    "saxes": {
      "version": "5.0.1",
      "resolved": "https://registry.npmjs.org/saxes/-/saxes-5.0.1.tgz",
      "integrity": "sha512-5LBh1Tls8c9xgGjw3QrMwETmTMVk0oFgvrFSvWx62llR2hcEInrKNZ2GZCCuuy2lvWrdl5jhbpeqc5hRYKFOcw==",
      "requires": {
        "xmlchars": "^2.2.0"
      }
    },
    "strip-bom": {
      "version": "4.0.0",
      "resolved": "https://registry.npmjs.org/strip-bom/-/strip-bom-4.0.0.tgz",
      "integrity": "sha512-3xurFv5tEgii33Zi8Jtp55wEIILR9eh34FAW00PZf+JnSsTmV/ioewSgQl97JHvgjoRGwPShsWm+IdrxB35d0w=="
    },
    "xmlchars": {
      "version": "2.2.0",
      "resolved": "https://registry.npmjs.org/xmlchars/-/xmlchars-2.2.0.tgz",
      "integrity": "sha512-JZnDKK8B0RCDw84FNdDAIpZK+JuJw+s7Lz8nksI7SIuU3UXJJslUthsi+uWBUYOwPFwW7W7PRLRfUKpxjtjFCw=="
    }
  }
}
